
Microsoft Visual Studio Solution File, Format Version 12.00
# Visual Studio 15
VisualStudioVersion = 15.0.28307.705
MinimumVisualStudioVersion = 10.0.40219.1
Project("{9A19103F-16F7-4668-BE54-9A1E7A4F7556}") = "VehicleService", "VehicleService\VehicleService.csproj", "{09F29295-AF27-4012-B585-7E728ACD3AB3}"
EndProject
Global
	GlobalSection(SolutionConfigurationPlatforms) = preSolution
		Debug|Any CPU = Debug|Any CPU
		Release|Any CPU = Release|Any CPU
	EndGlobalSection
	GlobalSection(ProjectConfigurationPlatforms) = postSolution
		{09F29295-AF27-4012-B585-7E728ACD3AB3}.Debug|Any CPU.ActiveCfg = Debug|Any CPU
		{09F29295-AF27-4012-B585-7E728ACD3AB3}.Debug|Any CPU.Build.0 = Debug|Any CPU
		{09F29295-AF27-4012-B585-7E728ACD3AB3}.Release|Any CPU.ActiveCfg = Release|Any CPU
		{09F29295-AF27-4012-B585-7E728ACD3AB3}.Release|Any CPU.Build.0 = Release|Any CPU
	EndGlobalSection
	GlobalSection(SolutionProperties) = preSolution
		HideSolutionNode = FALSE
	EndGlobalSection
	GlobalSection(ExtensibilityGlobals) = postSolution
		SolutionGuid = {E8C202C3-852E-479B-82C4-6D292CED4FAF}
	EndGlobalSection
EndGlobal
